
Microsoft Visual Studio Solution File, Format Version 12.00
# Visual Studio Version 17
VisualStudioVersion = 17.5.002.0
MinimumVisualStudioVersion = 10.0.40219.1
Project("{9A19103F-16F7-4668-BE54-9A1E7A4F7556}") = "RightSize", "RightSize\RightSize.csproj", "{A31E8258-D547-49F8-84D8-53C1DA2CB6E6}"
EndProject
Project("{FAE04EC0-301F-11D3-BF4B-00C04F79EFBC}") = "ChangeString", "ChangeString\ChangeString.csproj", "{6B1084D3-C62F-4DDA-9FF5-23F1CAB5F6D7}"
EndProject
Project("{FAE04EC0-301F-11D3-BF4B-00C04F79EFBC}") = "ArrayMult", "ArrayMult\ArrayMult.csproj", "{BE7800AE-178C-4EC1-B5C2-7AF22D0F85DF}"
EndProject
Project("{FAE04EC0-301F-11D3-BF4B-00C04F79EFBC}") = "HeroPerks", "HeroPerks\HeroPerks.csproj", "{3530A2C8-B5B0-47BC-B6CD-30E27ACCFAE2}"
EndProject
Project("{FAE04EC0-301F-11D3-BF4B-00C04F79EFBC}") = "PowTwoUntil", "PowTwoUntil\PowTwoUntil.csproj", "{B965EF39-3240-4FD1-B0D7-5DCDA771DA76}"
EndProject
Project("{FAE04EC0-301F-11D3-BF4B-00C04F79EFBC}") = "FamousQuotes", "FamousQuotes\FamousQuotes.csproj", "{4D94AEBA-2236-436E-A252-1ACE7921C952}"
EndProject
Project("{FAE04EC0-301F-11D3-BF4B-00C04F79EFBC}") = "RPS", "RPS\RPS.csproj", "{FC5306B5-B5D5-44A0-87EE-34F3C2D36118}"
EndProject
Project("{FAE04EC0-301F-11D3-BF4B-00C04F79EFBC}") = "PlayerPowers", "PlayerPowers\PlayerPowers.csproj", "{0709CC48-EA68-4298-8D1B-288260AFB73D}"
EndProject
Global
	GlobalSection(SolutionConfigurationPlatforms) = preSolution
		Debug|Any CPU = Debug|Any CPU
		Release|Any CPU = Release|Any CPU
	EndGlobalSection
	GlobalSection(ProjectConfigurationPlatforms) = postSolution
		{A31E8258-D547-49F8-84D8-53C1DA2CB6E6}.Debug|Any CPU.ActiveCfg = Debug|Any CPU
		{A31E8258-D547-49F8-84D8-53C1DA2CB6E6}.Debug|Any CPU.Build.0 = Debug|Any CPU
		{A31E8258-D547-49F8-84D8-53C1DA2CB6E6}.Release|Any CPU.ActiveCfg = Release|Any CPU
		{A31E8258-D547-49F8-84D8-53C1DA2CB6E6}.Release|Any CPU.Build.0 = Release|Any CPU
		{6B1084D3-C62F-4DDA-9FF5-23F1CAB5F6D7}.Debug|Any CPU.ActiveCfg = Debug|Any CPU
		{6B1084D3-C62F-4DDA-9FF5-23F1CAB5F6D7}.Debug|Any CPU.Build.0 = Debug|Any CPU
		{6B1084D3-C62F-4DDA-9FF5-23F1CAB5F6D7}.Release|Any CPU.ActiveCfg = Release|Any CPU
		{6B1084D3-C62F-4DDA-9FF5-23F1CAB5F6D7}.Release|Any CPU.Build.0 = Release|Any CPU
		{BE7800AE-178C-4EC1-B5C2-7AF22D0F85DF}.Debug|Any CPU.ActiveCfg = Debug|Any CPU
		{BE7800AE-178C-4EC1-B5C2-7AF22D0F85DF}.Debug|Any CPU.Build.0 = Debug|Any CPU
		{BE7800AE-178C-4EC1-B5C2-7AF22D0F85DF}.Release|Any CPU.ActiveCfg = Release|Any CPU
		{BE7800AE-178C-4EC1-B5C2-7AF22D0F85DF}.Release|Any CPU.Build.0 = Release|Any CPU
		{3530A2C8-B5B0-47BC-B6CD-30E27ACCFAE2}.Debug|Any CPU.ActiveCfg = Debug|Any CPU
		{3530A2C8-B5B0-47BC-B6CD-30E27ACCFAE2}.Debug|Any CPU.Build.0 = Debug|Any CPU
		{3530A2C8-B5B0-47BC-B6CD-30E27ACCFAE2}.Release|Any CPU.ActiveCfg = Release|Any CPU
		{3530A2C8-B5B0-47BC-B6CD-30E27ACCFAE2}.Release|Any CPU.Build.0 = Release|Any CPU
		{B965EF39-3240-4FD1-B0D7-5DCDA771DA76}.Debug|Any CPU.ActiveCfg = Debug|Any CPU
		{B965EF39-3240-4FD1-B0D7-5DCDA771DA76}.Debug|Any CPU.Build.0 = Debug|Any CPU
		{B965EF39-3240-4FD1-B0D7-5DCDA771DA76}.Release|Any CPU.ActiveCfg = Release|Any CPU
		{B965EF39-3240-4FD1-B0D7-5DCDA771DA76}.Release|Any CPU.Build.0 = Release|Any CPU
		{4D94AEBA-2236-436E-A252-1ACE7921C952}.Debug|Any CPU.ActiveCfg = Debug|Any CPU
		{4D94AEBA-2236-436E-A252-1ACE7921C952}.Debug|Any CPU.Build.0 = Debug|Any CPU
		{4D94AEBA-2236-436E-A252-1ACE7921C952}.Release|Any CPU.ActiveCfg = Release|Any CPU
		{4D94AEBA-2236-436E-A252-1ACE7921C952}.Release|Any CPU.Build.0 = Release|Any CPU
		{FC5306B5-B5D5-44A0-87EE-34F3C2D36118}.Debug|Any CPU.ActiveCfg = Debug|Any CPU
		{FC5306B5-B5D5-44A0-87EE-34F3C2D36118}.Debug|Any CPU.Build.0 = Debug|Any CPU
		{FC5306B5-B5D5-44A0-87EE-34F3C2D36118}.Release|Any CPU.ActiveCfg = Release|Any CPU
		{FC5306B5-B5D5-44A0-87EE-34F3C2D36118}.Release|Any CPU.Build.0 = Release|Any CPU
		{0709CC48-EA68-4298-8D1B-288260AFB73D}.Debug|Any CPU.ActiveCfg = Debug|Any CPU
		{0709CC48-EA68-4298-8D1B-288260AFB73D}.Debug|Any CPU.Build.0 = Debug|Any CPU
		{0709CC48-EA68-4298-8D1B-288260AFB73D}.Release|Any CPU.ActiveCfg = Release|Any CPU
		{0709CC48-EA68-4298-8D1B-288260AFB73D}.Release|Any CPU.Build.0 = Release|Any CPU
	EndGlobalSection
	GlobalSection(SolutionProperties) = preSolution
		HideSolutionNode = FALSE
	EndGlobalSection
	GlobalSection(ExtensibilityGlobals) = postSolution
		SolutionGuid = {FB5E25B7-E122-45ED-A986-F94BD17B506D}
	EndGlobalSection
EndGlobal
